
Microsoft Visual Studio Solution File, Format Version 12.00
# Visual Studio Version 16
VisualStudioVersion = 16.0.29519.181
MinimumVisualStudioVersion = 10.0.40219.1
Project("{FAE04EC0-301F-11D3-BF4B-00C04F79EFBC}") = "RazorPagesSample", "RazorPagesSample\RazorPagesSample.csproj", "{FC907B3A-B53F-4983-802C-BCDEC6FB7986}"
EndProject
Global
	GlobalSection(SolutionConfigurationPlatforms) = preSolution
		Debug|Any CPU = Debug|Any CPU
		Release|Any CPU = Release|Any CPU
	EndGlobalSection
	GlobalSection(ProjectConfigurationPlatforms) = postSolution
		{FC907B3A-B53F-4983-802C-BCDEC6FB7986}.Debug|Any CPU.ActiveCfg = Debug|Any CPU
		{FC907B3A-B53F-4983-802C-BCDEC6FB7986}.Debug|Any CPU.Build.0 = Debug|Any CPU
		{FC907B3A-B53F-4983-802C-BCDEC6FB7986}.Release|Any CPU.ActiveCfg = Release|Any CPU
		{FC907B3A-B53F-4983-802C-BCDEC6FB7986}.Release|Any CPU.Build.0 = Release|Any CPU
	EndGlobalSection
	GlobalSection(SolutionProperties) = preSolution
		HideSolutionNode = FALSE
	EndGlobalSection
	GlobalSection(ExtensibilityGlobals) = postSolution
		SolutionGuid = {01DC32AA-0ECE-42A0-A50D-07F980AFCBDF}
	EndGlobalSection
EndGlobal
